// !$*UTF8*$!
{
	archiveVersion = 1;
	classes = {
	};
	objectVersion = 50;
	objects = {

/* Begin PBXBuildFile section */
		54094D11C10F22DA1E0E1BBA /* Pods_WelcomeKitExample.framework in Frameworks */ = {isa = PBXBuildFile; fileRef = 0A67F3D94D5DBC94BCE153F6 /* Pods_WelcomeKitExample.framework */; };
		5C38930120B7961700A10A0C /* AppDelegate.swift in Sources */ = {isa = PBXBuildFile; fileRef = 5C38930020B7961700A10A0C /* AppDelegate.swift */; };
		5C38930320B7961800A10A0C /* ViewController.swift in Sources */ = {isa = PBXBuildFile; fileRef = 5C38930220B7961800A10A0C /* ViewController.swift */; };
		5C38930620B7961800A10A0C /* Main.storyboard in Resources */ = {isa = PBXBuildFile; fileRef = 5C38930420B7961800A10A0C /* Main.storyboard */; };
		5C38930820B7961800A10A0C /* Assets.xcassets in Resources */ = {isa = PBXBuildFile; fileRef = 5C38930720B7961800A10A0C /* Assets.xcassets */; };
		5C38930B20B7961800A10A0C /* LaunchScreen.storyboard in Resources */ = {isa = PBXBuildFile; fileRef = 5C38930920B7961800A10A0C /* LaunchScreen.storyboard */; };
		5C38931820B7964D00A10A0C /* WelcomeKit.framework in Frameworks */ = {isa = PBXBuildFile; fileRef = 5C38931720B7962B00A10A0C /* WelcomeKit.framework */; };
		5C38931920B7964D00A10A0C /* WelcomeKit.framework in Embed Frameworks */ = {isa = PBXBuildFile; fileRef = 5C38931720B7962B00A10A0C /* WelcomeKit.framework */; settings = {ATTRIBUTES = (CodeSignOnCopy, RemoveHeadersOnCopy, ); }; };
		5C65EED420DED8360014A521 /* servishero_loading.json in Resources */ = {isa = PBXBuildFile; fileRef = 5C65EED320DED8360014A521 /* servishero_loading.json */; };
		5C8674D720BB4AAD00218C10 /* WKViewController.swift in Sources */ = {isa = PBXBuildFile; fileRef = 5C8674D620BB4AAD00218C10 /* WKViewController.swift */; };
		5C8674D920BB4CEC00218C10 /* WKPageContentView.swift in Sources */ = {isa = PBXBuildFile; fileRef = 5C8674D820BB4CEC00218C10 /* WKPageContentView.swift */; };
		5C8674DB20BB500600218C10 /* WKPageView.swift in Sources */ = {isa = PBXBuildFile; fileRef = 5C8674DA20BB500600218C10 /* WKPageView.swift */; };
		5C8674DD20BB503000218C10 /* WKPageViewModel.swift in Sources */ = {isa = PBXBuildFile; fileRef = 5C8674DC20BB503000218C10 /* WKPageViewModel.swift */; };
/* End PBXBuildFile section */

/* Begin PBXContainerItemProxy section */
		5C38931620B7962B00A10A0C /* PBXContainerItemProxy */ = {
			isa = PBXContainerItemProxy;
			containerPortal = 5C38931220B7962B00A10A0C /* WelcomeKit.xcodeproj */;
			proxyType = 2;
			remoteGlobalIDString = 5C3892E920B795F700A10A0C;
			remoteInfo = WelcomeKit;
		};
		5C38931A20B7964D00A10A0C /* PBXContainerItemProxy */ = {
			isa = PBXContainerItemProxy;
			containerPortal = 5C38931220B7962B00A10A0C /* WelcomeKit.xcodeproj */;
			proxyType = 1;
			remoteGlobalIDString = 5C3892E820B795F700A10A0C;
			remoteInfo = WelcomeKit;
		};
/* End PBXContainerItemProxy section */

/* Begin PBXCopyFilesBuildPhase section */
		5C38931C20B7964E00A10A0C /* Embed Frameworks */ = {
			isa = PBXCopyFilesBuildPhase;
			buildActionMask = 2147483647;
			dstPath = "";
			dstSubfolderSpec = 10;
			files = (
				5C38931920B7964D00A10A0C /* WelcomeKit.framework in Embed Frameworks */,
			);
			name = "Embed Frameworks";
			runOnlyForDeploymentPostprocessing = 0;
		};
/* End PBXCopyFilesBuildPhase section */

/* Begin PBXFileReference section */
		0A67F3D94D5DBC94BCE153F6 /* Pods_WelcomeKitExample.framework */ = {isa = PBXFileReference; explicitFileType = wrapper.framework; includeInIndex = 0; path = Pods_WelcomeKitExample.framework; sourceTree = BUILT_PRODUCTS_DIR; };
		53C1A4C047524ACA9ECB59A3 /* Pods-WelcomeKitExample.debug.xcconfig */ = {isa = PBXFileReference; includeInIndex = 1; lastKnownFileType = text.xcconfig; name = "Pods-WelcomeKitExample.debug.xcconfig"; path = "Pods/Target Support Files/Pods-WelcomeKitExample/Pods-WelcomeKitExample.debug.xcconfig"; sourceTree = "<group>"; };
		5C3892FD20B7961700A10A0C /* WelcomeKitExample.app */ = {isa = PBXFileReference; explicitFileType = wrapper.application; includeInIndex = 0; path = WelcomeKitExample.app; sourceTree = BUILT_PRODUCTS_DIR; };
		5C38930020B7961700A10A0C /* AppDelegate.swift */ = {isa = PBXFileReference; lastKnownFileType = sourcecode.swift; path = AppDelegate.swift; sourceTree = "<group>"; };
		5C38930220B7961800A10A0C /* ViewController.swift */ = {isa = PBXFileReference; lastKnownFileType = sourcecode.swift; path = ViewController.swift; sourceTree = "<group>"; };
		5C38930520B7961800A10A0C /* Base */ = {isa = PBXFileReference; lastKnownFileType = file.storyboard; name = Base; path = Base.lproj/Main.storyboard; sourceTree = "<group>"; };
		5C38930720B7961800A10A0C /* Assets.xcassets */ = {isa = PBXFileReference; lastKnownFileType = folder.assetcatalog; path = Assets.xcassets; sourceTree = "<group>"; };
		5C38930A20B7961800A10A0C /* Base */ = {isa = PBXFileReference; lastKnownFileType = file.storyboard; name = Base; path = Base.lproj/LaunchScreen.storyboard; sourceTree = "<group>"; };
		5C38930C20B7961800A10A0C /* Info.plist */ = {isa = PBXFileReference; lastKnownFileType = text.plist.xml; path = Info.plist; sourceTree = "<group>"; };
		5C38931220B7962B00A10A0C /* WelcomeKit.xcodeproj */ = {isa = PBXFileReference; lastKnownFileType = "wrapper.pb-project"; name = WelcomeKit.xcodeproj; path = ../WelcomeKit/WelcomeKit.xcodeproj; sourceTree = "<group>"; };
		5C65EED320DED8360014A521 /* servishero_loading.json */ = {isa = PBXFileReference; fileEncoding = 4; lastKnownFileType = text.json; path = servishero_loading.json; sourceTree = "<group>"; };
		5C8674D620BB4AAD00218C10 /* WKViewController.swift */ = {isa = PBXFileReference; lastKnownFileType = sourcecode.swift; path = WKViewController.swift; sourceTree = "<group>"; };
		5C8674D820BB4CEC00218C10 /* WKPageContentView.swift */ = {isa = PBXFileReference; lastKnownFileType = sourcecode.swift; path = WKPageContentView.swift; sourceTree = "<group>"; };
		5C8674DA20BB500600218C10 /* WKPageView.swift */ = {isa = PBXFileReference; lastKnownFileType = sourcecode.swift; path = WKPageView.swift; sourceTree = "<group>"; };
		5C8674DC20BB503000218C10 /* WKPageViewModel.swift */ = {isa = PBXFileReference; lastKnownFileType = sourcecode.swift; path = WKPageViewModel.swift; sourceTree = "<group>"; };
		64CCA591077D8CA1284E337E /* Pods-WelcomeKitExample.release.xcconfig */ = {isa = PBXFileReference; includeInIndex = 1; lastKnownFileType = text.xcconfig; name = "Pods-WelcomeKitExample.release.xcconfig"; path = "Pods/Target Support Files/Pods-WelcomeKitExample/Pods-WelcomeKitExample.release.xcconfig"; sourceTree = "<group>"; };
/* End PBXFileReference section */

/* Begin PBXFrameworksBuildPhase section */
		5C3892FA20B7961700A10A0C /* Frameworks */ = {
			isa = PBXFrameworksBuildPhase;
			buildActionMask = 2147483647;
			files = (
				5C38931820B7964D00A10A0C /* WelcomeKit.framework in Frameworks */,
				54094D11C10F22DA1E0E1BBA /* Pods_WelcomeKitExample.framework in Frameworks */,
			);
			runOnlyForDeploymentPostprocessing = 0;
		};
/* End PBXFrameworksBuildPhase section */

/* Begin PBXGroup section */
		5C3892F420B7961700A10A0C = {
			isa = PBXGroup;
			children = (
				5C3892FF20B7961700A10A0C /* WelcomeKitExample */,
				5C3892FE20B7961700A10A0C /* Products */,
				5C38931220B7962B00A10A0C /* WelcomeKit.xcodeproj */,
				F8401576223B8A5E54C2877F /* Pods */,
				C5B0983272AC90B8FDF85CF7 /* Frameworks */,
			);
			sourceTree = "<group>";
		};
		5C3892FE20B7961700A10A0C /* Products */ = {
			isa = PBXGroup;
			children = (
				5C3892FD20B7961700A10A0C /* WelcomeKitExample.app */,
			);
			name = Products;
			sourceTree = "<group>";
		};
		5C3892FF20B7961700A10A0C /* WelcomeKitExample */ = {
			isa = PBXGroup;
			children = (
				5C65EED720DEF70B0014A521 /* WelcomeKit */,
				5C38930020B7961700A10A0C /* AppDelegate.swift */,
				5C38930220B7961800A10A0C /* ViewController.swift */,
				5C38930420B7961800A10A0C /* Main.storyboard */,
				5C38930720B7961800A10A0C /* Assets.xcassets */,
				5C65EED320DED8360014A521 /* servishero_loading.json */,
				5C38930920B7961800A10A0C /* LaunchScreen.storyboard */,
				5C38930C20B7961800A10A0C /* Info.plist */,
			);
			path = WelcomeKitExample;
			sourceTree = "<group>";
		};
		5C38931320B7962B00A10A0C /* Products */ = {
			isa = PBXGroup;
			children = (
				5C38931720B7962B00A10A0C /* WelcomeKit.framework */,
			);
			name = Products;
			sourceTree = "<group>";
		};
		5C65EED720DEF70B0014A521 /* WelcomeKit */ = {
			isa = PBXGroup;
			children = (
				5C8674D620BB4AAD00218C10 /* WKViewController.swift */,
				5C8674D820BB4CEC00218C10 /* WKPageContentView.swift */,
				5C8674DA20BB500600218C10 /* WKPageView.swift */,
				5C8674DC20BB503000218C10 /* WKPageViewModel.swift */,
			);
			path = WelcomeKit;
			sourceTree = "<group>";
		};
		C5B0983272AC90B8FDF85CF7 /* Frameworks */ = {
			isa = PBXGroup;
			children = (
				0A67F3D94D5DBC94BCE153F6 /* Pods_WelcomeKitExample.framework */,
			);
			name = Frameworks;
			sourceTree = "<group>";
		};
		F8401576223B8A5E54C2877F /* Pods */ = {
			isa = PBXGroup;
			children = (
				53C1A4C047524ACA9ECB59A3 /* Pods-WelcomeKitExample.debug.xcconfig */,
				64CCA591077D8CA1284E337E /* Pods-WelcomeKitExample.release.xcconfig */,
			);
			name = Pods;
			sourceTree = "<group>";
		};
/* End PBXGroup section */

/* Begin PBXNativeTarget section */
		5C3892FC20B7961700A10A0C /* WelcomeKitExample */ = {
			isa = PBXNativeTarget;
			buildConfigurationList = 5C38930F20B7961800A10A0C /* Build configuration list for PBXNativeTarget "WelcomeKitExample" */;
			buildPhases = (
				016DB548658AB85F24D17112 /* [CP] Check Pods Manifest.lock */,
				5C3892F920B7961700A10A0C /* Sources */,
				5C3892FA20B7961700A10A0C /* Frameworks */,
				5C3892FB20B7961700A10A0C /* Resources */,
				5C38931C20B7964E00A10A0C /* Embed Frameworks */,
				253B0A9CF9443D356703C5F6 /* [CP] Embed Pods Frameworks */,
			);
			buildRules = (
			);
			dependencies = (
				5C38931B20B7964D00A10A0C /* PBXTargetDependency */,
			);
			name = WelcomeKitExample;
			productName = WelcomeKitExample;
			productReference = 5C3892FD20B7961700A10A0C /* WelcomeKitExample.app */;
			productType = "com.apple.product-type.application";
		};
/* End PBXNativeTarget section */

/* Begin PBXProject section */
		5C3892F520B7961700A10A0C /* Project object */ = {
			isa = PBXProject;
			attributes = {
				LastSwiftUpdateCheck = 0930;
				LastUpgradeCheck = 0930;
				ORGANIZATIONNAME = "Josh Marasigan";
				TargetAttributes = {
					5C3892FC20B7961700A10A0C = {
						CreatedOnToolsVersion = 9.3.1;
					};
				};
			};
			buildConfigurationList = 5C3892F820B7961700A10A0C /* Build configuration list for PBXProject "WelcomeKitExample" */;
			compatibilityVersion = "Xcode 9.3";
			developmentRegion = en;
			hasScannedForEncodings = 0;
			knownRegions = (
				en,
				Base,
			);
			mainGroup = 5C3892F420B7961700A10A0C;
			productRefGroup = 5C3892FE20B7961700A10A0C /* Products */;
			projectDirPath = "";
			projectReferences = (
				{
					ProductGroup = 5C38931320B7962B00A10A0C /* Products */;
					ProjectRef = 5C38931220B7962B00A10A0C /* WelcomeKit.xcodeproj */;
				},
			);
			projectRoot = "";
			targets = (
				5C3892FC20B7961700A10A0C /* WelcomeKitExample */,
			);
		};
/* End PBXProject section */

/* Begin PBXReferenceProxy section */
		5C38931720B7962B00A10A0C /* WelcomeKit.framework */ = {
			isa = PBXReferenceProxy;
			fileType = wrapper.framework;
			path = WelcomeKit.framework;
			remoteRef = 5C38931620B7962B00A10A0C /* PBXContainerItemProxy */;
			sourceTree = BUILT_PRODUCTS_DIR;
		};
/* End PBXReferenceProxy section */

/* Begin PBXResourcesBuildPhase section */
		5C3892FB20B7961700A10A0C /* Resources */ = {
			isa = PBXResourcesBuildPhase;
			buildActionMask = 2147483647;
			files = (
				5C38930B20B7961800A10A0C /* LaunchScreen.storyboard in Resources */,
				5C38930820B7961800A10A0C /* Assets.xcassets in Resources */,
				5C65EED420DED8360014A521 /* servishero_loading.json in Resources */,
				5C38930620B7961800A10A0C /* Main.storyboard in Resources */,
			);
			runOnlyForDeploymentPostprocessing = 0;
		};
/* End PBXResourcesBuildPhase section */

/* Begin PBXShellScriptBuildPhase section */
		016DB548658AB85F24D17112 /* [CP] Check Pods Manifest.lock */ = {
			isa = PBXShellScriptBuildPhase;
			buildActionMask = 2147483647;
			files = (
			);
			inputPaths = (
				"${PODS_PODFILE_DIR_PATH}/Podfile.lock",
				"${PODS_ROOT}/Manifest.lock",
			);
			name = "[CP] Check Pods Manifest.lock";
			outputPaths = (
				"$(DERIVED_FILE_DIR)/Pods-WelcomeKitExample-checkManifestLockResult.txt",
			);
			runOnlyForDeploymentPostprocessing = 0;
			shellPath = /bin/sh;
			shellScript = "diff \"${PODS_PODFILE_DIR_PATH}/Podfile.lock\" \"${PODS_ROOT}/Manifest.lock\" > /dev/null\nif [ $? != 0 ] ; then\n    # print error to STDERR\n    echo \"error: The sandbox is not in sync with the Podfile.lock. Run 'pod install' or update your CocoaPods installation.\" >&2\n    exit 1\nfi\n# This output is used by Xcode 'outputs' to avoid re-running this script phase.\necho \"SUCCESS\" > \"${SCRIPT_OUTPUT_FILE_0}\"\n";
			showEnvVarsInLog = 0;
		};
		253B0A9CF9443D356703C5F6 /* [CP] Embed Pods Frameworks */ = {
			isa = PBXShellScriptBuildPhase;
			buildActionMask = 2147483647;
			files = (
			);
			inputPaths = (
				"${SRCROOT}/Pods/Target Support Files/Pods-WelcomeKitExample/Pods-WelcomeKitExample-frameworks.sh",
				"${BUILT_PRODUCTS_DIR}/SnapKit/SnapKit.framework",
				"${BUILT_PRODUCTS_DIR}/lottie-ios/Lottie.framework",
			);
			name = "[CP] Embed Pods Frameworks";
			outputPaths = (
				"${TARGET_BUILD_DIR}/${FRAMEWORKS_FOLDER_PATH}/SnapKit.framework",
				"${TARGET_BUILD_DIR}/${FRAMEWORKS_FOLDER_PATH}/Lottie.framework",
			);
			runOnlyForDeploymentPostprocessing = 0;
			shellPath = /bin/sh;
			shellScript = "\"${SRCROOT}/Pods/Target Support Files/Pods-WelcomeKitExample/Pods-WelcomeKitExample-frameworks.sh\"\n";
			showEnvVarsInLog = 0;
		};
/* End PBXShellScriptBuildPhase section */

/* Begin PBXSourcesBuildPhase section */
		5C3892F920B7961700A10A0C /* Sources */ = {
			isa = PBXSourcesBuildPhase;
			buildActionMask = 2147483647;
			files = (
				5C8674D720BB4AAD00218C10 /* WKViewController.swift in Sources */,
				5C38930320B7961800A10A0C /* ViewController.swift in Sources */,
				5C8674DB20BB500600218C10 /* WKPageView.swift in Sources */,
				5C38930120B7961700A10A0C /* AppDelegate.swift in Sources */,
				5C8674D920BB4CEC00218C10 /* WKPageContentView.swift in Sources */,
				5C8674DD20BB503000218C10 /* WKPageViewModel.swift in Sources */,
			);
			runOnlyForDeploymentPostprocessing = 0;
		};
/* End PBXSourcesBuildPhase section */

/* Begin PBXTargetDependency section */
		5C38931B20B7964D00A10A0C /* PBXTargetDependency */ = {
			isa = PBXTargetDependency;
			name = WelcomeKit;
			targetProxy = 5C38931A20B7964D00A10A0C /* PBXContainerItemProxy */;
		};
/* End PBXTargetDependency section */

/* Begin PBXVariantGroup section */
		5C38930420B7961800A10A0C /* Main.storyboard */ = {
			isa = PBXVariantGroup;
			children = (
				5C38930520B7961800A10A0C /* Base */,
			);
			name = Main.storyboard;
			sourceTree = "<group>";
		};
		5C38930920B7961800A10A0C /* LaunchScreen.storyboard */ = {
			isa = PBXVariantGroup;
			children = (
				5C38930A20B7961800A10A0C /* Base */,
			);
			name = LaunchScreen.storyboard;
			sourceTree = "<group>";
		};
/* End PBXVariantGroup section */

/* Begin XCBuildConfiguration section */
		5C38930D20B7961800A10A0C /* Debug */ = {
			isa = XCBuildConfiguration;
			buildSettings = {
				ALWAYS_SEARCH_USER_PATHS = NO;
				CLANG_ANALYZER_NONNULL = YES;
				CLANG_ANALYZER_NUMBER_OBJECT_CONVERSION = YES_AGGRESSIVE;
				CLANG_CXX_LANGUAGE_STANDARD = "gnu++14";
				CLANG_CXX_LIBRARY = "libc++";
				CLANG_ENABLE_MODULES = YES;
				CLANG_ENABLE_OBJC_ARC = YES;
				CLANG_ENABLE_OBJC_WEAK = YES;
				CLANG_WARN_BLOCK_CAPTURE_AUTORELEASING = YES;
				CLANG_WARN_BOOL_CONVERSION = YES;
				CLANG_WARN_COMMA = YES;
				CLANG_WARN_CONSTANT_CONVERSION = YES;
				CLANG_WARN_DEPRECATED_OBJC_IMPLEMENTATIONS = YES;
				CLANG_WARN_DIRECT_OBJC_ISA_USAGE = YES_ERROR;
				CLANG_WARN_DOCUMENTATION_COMMENTS = YES;
				CLANG_WARN_EMPTY_BODY = YES;
				CLANG_WARN_ENUM_CONVERSION = YES;
				CLANG_WARN_INFINITE_RECURSION = YES;
				CLANG_WARN_INT_CONVERSION = YES;
				CLANG_WARN_NON_LITERAL_NULL_CONVERSION = YES;
				CLANG_WARN_OBJC_IMPLICIT_RETAIN_SELF = YES;
				CLANG_WARN_OBJC_LITERAL_CONVERSION = YES;
				CLANG_WARN_OBJC_ROOT_CLASS = YES_ERROR;
				CLANG_WARN_RANGE_LOOP_ANALYSIS = YES;
				CLANG_WARN_STRICT_PROTOTYPES = YES;
				CLANG_WARN_SUSPICIOUS_MOVE = YES;
				CLANG_WARN_UNGUARDED_AVAILABILITY = YES_AGGRESSIVE;
				CLANG_WARN_UNREACHABLE_CODE = YES;
				CLANG_WARN__DUPLICATE_METHOD_MATCH = YES;
				CODE_SIGN_IDENTITY = "iPhone Developer";
				COPY_PHASE_STRIP = NO;
				DEBUG_INFORMATION_FORMAT = dwarf;
				ENABLE_STRICT_OBJC_MSGSEND = YES;
				ENABLE_TESTABILITY = YES;
				GCC_C_LANGUAGE_STANDARD = gnu11;
				GCC_DYNAMIC_NO_PIC = NO;
				GCC_NO_COMMON_BLOCKS = YES;
				GCC_OPTIMIZATION_LEVEL = 0;
				GCC_PREPROCESSOR_DEFINITIONS = (
					"DEBUG=1",
					"$(inherited)",
				);
				GCC_WARN_64_TO_32_BIT_CONVERSION = YES;
				GCC_WARN_ABOUT_RETURN_TYPE = YES_ERROR;
				GCC_WARN_UNDECLARED_SELECTOR = YES;
				GCC_WARN_UNINITIALIZED_AUTOS = YES_AGGRESSIVE;
				GCC_WARN_UNUSED_FUNCTION = YES;
				GCC_WARN_UNUSED_VARIABLE = YES;
				IPHONEOS_DEPLOYMENT_TARGET = 10.0;
				MTL_ENABLE_DEBUG_INFO = YES;
				ONLY_ACTIVE_ARCH = YES;
				SDKROOT = iphoneos;
				SWIFT_ACTIVE_COMPILATION_CONDITIONS = DEBUG;
				SWIFT_OPTIMIZATION_LEVEL = "-Onone";
			};
			name = Debug;
		};
		5C38930E20B7961800A10A0C /* Release */ = {
			isa = XCBuildConfiguration;
			buildSettings = {
				ALWAYS_SEARCH_USER_PATHS = NO;
				CLANG_ANALYZER_NONNULL = YES;
				CLANG_ANALYZER_NUMBER_OBJECT_CONVERSION = YES_AGGRESSIVE;
				CLANG_CXX_LANGUAGE_STANDARD = "gnu++14";
				CLANG_CXX_LIBRARY = "libc++";
				CLANG_ENABLE_MODULES = YES;
				CLANG_ENABLE_OBJC_ARC = YES;
				CLANG_ENABLE_OBJC_WEAK = YES;
				CLANG_WARN_BLOCK_CAPTURE_AUTORELEASING = YES;
				CLANG_WARN_BOOL_CONVERSION = YES;
				CLANG_WARN_COMMA = YES;
				CLANG_WARN_CONSTANT_CONVERSION = YES;
				CLANG_WARN_DEPRECATED_OBJC_IMPLEMENTATIONS = YES;
				CLANG_WARN_DIRECT_OBJC_ISA_USAGE = YES_ERROR;
				CLANG_WARN_DOCUMENTATION_COMMENTS = YES;
				CLANG_WARN_EMPTY_BODY = YES;
				CLANG_WARN_ENUM_CONVERSION = YES;
				CLANG_WARN_INFINITE_RECURSION = YES;
				CLANG_WARN_INT_CONVERSION = YES;
				CLANG_WARN_NON_LITERAL_NULL_CONVERSION = YES;
				CLANG_WARN_OBJC_IMPLICIT_RETAIN_SELF = YES;
				CLANG_WARN_OBJC_LITERAL_CONVERSION = YES;
				CLANG_WARN_OBJC_ROOT_CLASS = YES_ERROR;
				CLANG_WARN_RANGE_LOOP_ANALYSIS = YES;
				CLANG_WARN_STRICT_PROTOTYPES = YES;
				CLANG_WARN_SUSPICIOUS_MOVE = YES;
				CLANG_WARN_UNGUARDED_AVAILABILITY = YES_AGGRESSIVE;
				CLANG_WARN_UNREACHABLE_CODE = YES;
				CLANG_WARN__DUPLICATE_METHOD_MATCH = YES;
				CODE_SIGN_IDENTITY = "iPhone Developer";
				COPY_PHASE_STRIP = NO;
				DEBUG_INFORMATION_FORMAT = "dwarf-with-dsym";
				ENABLE_NS_ASSERTIONS = NO;
				ENABLE_STRICT_OBJC_MSGSEND = YES;
				GCC_C_LANGUAGE_STANDARD = gnu11;
				GCC_NO_COMMON_BLOCKS = YES;
				GCC_WARN_64_TO_32_BIT_CONVERSION = YES;
				GCC_WARN_ABOUT_RETURN_TYPE = YES_ERROR;
				GCC_WARN_UNDECLARED_SELECTOR = YES;
				GCC_WARN_UNINITIALIZED_AUTOS = YES_AGGRESSIVE;
				GCC_WARN_UNUSED_FUNCTION = YES;
				GCC_WARN_UNUSED_VARIABLE = YES;
				IPHONEOS_DEPLOYMENT_TARGET = 10.0;
				MTL_ENABLE_DEBUG_INFO = NO;
				SDKROOT = iphoneos;
				SWIFT_COMPILATION_MODE = wholemodule;
				SWIFT_OPTIMIZATION_LEVEL = "-O";
				VALIDATE_PRODUCT = YES;
			};
			name = Release;
		};
		5C38931020B7961800A10A0C /* Debug */ = {
			isa = XCBuildConfiguration;
			baseConfigurationReference = 53C1A4C047524ACA9ECB59A3 /* Pods-WelcomeKitExample.debug.xcconfig */;
			buildSettings = {
				ASSETCATALOG_COMPILER_APPICON_NAME = AppIcon;
				CODE_SIGN_STYLE = Automatic;
				DEVELOPMENT_TEAM = J85WYWPR94;
				INFOPLIST_FILE = WelcomeKitExample/Info.plist;
				IPHONEOS_DEPLOYMENT_TARGET = 10.0;
				LD_RUNPATH_SEARCH_PATHS = (
					"$(inherited)",
					"@executable_path/Frameworks",
				);
				PRODUCT_BUNDLE_IDENTIFIER = com.joshmarasigan.WelcomeKitExample;
				PRODUCT_NAME = "$(TARGET_NAME)";
				SWIFT_VERSION = 4.0;
				TARGETED_DEVICE_FAMILY = "1,2";
			};
			name = Debug;
		};
		5C38931120B7961800A10A0C /* Release */ = {
			isa = XCBuildConfiguration;
			baseConfigurationReference = 64CCA591077D8CA1284E337E /* Pods-WelcomeKitExample.release.xcconfig */;
			buildSettings = {
				ASSETCATALOG_COMPILER_APPICON_NAME = AppIcon;
				CODE_SIGN_STYLE = Automatic;
				DEVELOPMENT_TEAM = J85WYWPR94;
				INFOPLIST_FILE = WelcomeKitExample/Info.plist;
				IPHONEOS_DEPLOYMENT_TARGET = 10.0;
				LD_RUNPATH_SEARCH_PATHS = (
					"$(inherited)",
					"@executable_path/Frameworks",
				);
				PRODUCT_BUNDLE_IDENTIFIER = com.joshmarasigan.WelcomeKitExample;
				PRODUCT_NAME = "$(TARGET_NAME)";
				SWIFT_VERSION = 4.0;
				TARGETED_DEVICE_FAMILY = "1,2";
			};
			name = Release;
		};
/* End XCBuildConfiguration section */

/* Begin XCConfigurationList section */
		5C3892F820B7961700A10A0C /* Build configuration list for PBXProject "WelcomeKitExample" */ = {
			isa = XCConfigurationList;
			buildConfigurations = (
				5C38930D20B7961800A10A0C /* Debug */,
				5C38930E20B7961800A10A0C /* Release */,
			);
			defaultConfigurationIsVisible = 0;
			defaultConfigurationName = Release;
		};
		5C38930F20B7961800A10A0C /* Build configuration list for PBXNativeTarget "WelcomeKitExample" */ = {
			isa = XCConfigurationList;
			buildConfigurations = (
				5C38931020B7961800A10A0C /* Debug */,
				5C38931120B7961800A10A0C /* Release */,
			);
			defaultConfigurationIsVisible = 0;
			defaultConfigurationName = Release;
		};
/* End XCConfigurationList section */
	};
	rootObject = 5C3892F520B7961700A10A0C /* Project object */;
}
